
Microsoft Visual Studio Solution File, Format Version 12.00
# Visual Studio 14
VisualStudioVersion = 14.0.25420.1
MinimumVisualStudioVersion = 10.0.40219.1
Project("{FAE04EC0-301F-11D3-BF4B-00C04F79EFBC}") = "DeependAncestry", "DeependAncestry\DeependAncestry.csproj", "{18660DB2-3B94-4F13-A034-6A61BBBE88F8}"
EndProject
Project("{FAE04EC0-301F-11D3-BF4B-00C04F79EFBC}") = "DeependAncestry.Tests", "DeependAncestry.Tests\DeependAncestry.Tests.csproj", "{9D99AB2A-2F0A-4EFF-9571-61EDE8035414}"
EndProject
Project("{FAE04EC0-301F-11D3-BF4B-00C04F79EFBC}") = "Data", "Data\Data.csproj", "{5E4AB4CD-62FA-48E6-B246-C2767B2D6B46}"
EndProject
Global
	GlobalSection(SolutionConfigurationPlatforms) = preSolution
		Debug|Any CPU = Debug|Any CPU
		Release|Any CPU = Release|Any CPU
	EndGlobalSection
	GlobalSection(ProjectConfigurationPlatforms) = postSolution
		{18660DB2-3B94-4F13-A034-6A61BBBE88F8}.Debug|Any CPU.ActiveCfg = Debug|Any CPU
		{18660DB2-3B94-4F13-A034-6A61BBBE88F8}.Debug|Any CPU.Build.0 = Debug|Any CPU
		{18660DB2-3B94-4F13-A034-6A61BBBE88F8}.Release|Any CPU.ActiveCfg = Release|Any CPU
		{18660DB2-3B94-4F13-A034-6A61BBBE88F8}.Release|Any CPU.Build.0 = Release|Any CPU
		{9D99AB2A-2F0A-4EFF-9571-61EDE8035414}.Debug|Any CPU.ActiveCfg = Debug|Any CPU
		{9D99AB2A-2F0A-4EFF-9571-61EDE8035414}.Debug|Any CPU.Build.0 = Debug|Any CPU
		{9D99AB2A-2F0A-4EFF-9571-61EDE8035414}.Release|Any CPU.ActiveCfg = Release|Any CPU
		{9D99AB2A-2F0A-4EFF-9571-61EDE8035414}.Release|Any CPU.Build.0 = Release|Any CPU
		{5E4AB4CD-62FA-48E6-B246-C2767B2D6B46}.Debug|Any CPU.ActiveCfg = Debug|Any CPU
		{5E4AB4CD-62FA-48E6-B246-C2767B2D6B46}.Debug|Any CPU.Build.0 = Debug|Any CPU
		{5E4AB4CD-62FA-48E6-B246-C2767B2D6B46}.Release|Any CPU.ActiveCfg = Release|Any CPU
		{5E4AB4CD-62FA-48E6-B246-C2767B2D6B46}.Release|Any CPU.Build.0 = Release|Any CPU
	EndGlobalSection
	GlobalSection(SolutionProperties) = preSolution
		HideSolutionNode = FALSE
	EndGlobalSection
EndGlobal
